// !$*UTF8*$!
{
	archiveVersion = 1;
	classes = {
	};
	objectVersion = 46;
	objects = {

/* Begin PBXBuildFile section */
		0D1F8A8156AB769A6C93D9B0 /* Pods_Panda.framework in Frameworks */ = {isa = PBXBuildFile; fileRef = 6688EC38FEF58572A493CDEE /* Pods_Panda.framework */; };
		192BBFD2FCDD502D7E159B87 /* Pods_PandaUITests.framework in Frameworks */ = {isa = PBXBuildFile; fileRef = 94730C007A08755F26167F33 /* Pods_PandaUITests.framework */; };
		2835AF001EB11E2300469A31 /* FriendProfileViewController.swift in Sources */ = {isa = PBXBuildFile; fileRef = 2835AEFE1EB11E2300469A31 /* FriendProfileViewController.swift */; };
		2835AF011EB11E2300469A31 /* FriendTripViewController.swift in Sources */ = {isa = PBXBuildFile; fileRef = 2835AEFF1EB11E2300469A31 /* FriendTripViewController.swift */; };
		2842240D1E6940D900BF2A33 /* CreateAccountViewController.swift in Sources */ = {isa = PBXBuildFile; fileRef = 2842240C1E6940D900BF2A33 /* CreateAccountViewController.swift */; };
		2861AFBD1E6A06A6002871CD /* CustomSegue.swift in Sources */ = {isa = PBXBuildFile; fileRef = 2861AFBC1E6A06A6002871CD /* CustomSegue.swift */; };
		2861AFBF1E6A4EA3002871CD /* HomepageViewController.swift in Sources */ = {isa = PBXBuildFile; fileRef = 2861AFBE1E6A4EA3002871CD /* HomepageViewController.swift */; };
		2861AFC11E6A527D002871CD /* RecordViewController.swift in Sources */ = {isa = PBXBuildFile; fileRef = 2861AFC01E6A527D002871CD /* RecordViewController.swift */; };
		2861AFC31E6A53FC002871CD /* ProfileViewController.swift in Sources */ = {isa = PBXBuildFile; fileRef = 2861AFC21E6A53FC002871CD /* ProfileViewController.swift */; };
		3875BAA51E6921AC003ED320 /* Business.swift in Sources */ = {isa = PBXBuildFile; fileRef = 3875BAA41E6921AC003ED320 /* Business.swift */; };
		3875BAA91E6922E6003ED320 /* PlanViewController.swift in Sources */ = {isa = PBXBuildFile; fileRef = 3875BAA81E6922E6003ED320 /* PlanViewController.swift */; };
		5799F746CD5EE7A7636E8CB9 /* Pods_PandaTests.framework in Frameworks */ = {isa = PBXBuildFile; fileRef = 3E6904C858F20F62B4F10213 /* Pods_PandaTests.framework */; };
		9B19708D1EA9271200F065E1 /* TripID.swift in Sources */ = {isa = PBXBuildFile; fileRef = 9B19708C1EA9271200F065E1 /* TripID.swift */; };
		9BB8861F1EAF24D60002801A /* Trip.swift in Sources */ = {isa = PBXBuildFile; fileRef = 9BB8861E1EAF24D60002801A /* Trip.swift */; };
		A2029A8A1EABD07200B52EF7 /* pandaonCloud.png in Resources */ = {isa = PBXBuildFile; fileRef = A2029A891EABD07200B52EF7 /* pandaonCloud.png */; };
		A220D6B21E68F7E300345B92 /* AppDelegate.swift in Sources */ = {isa = PBXBuildFile; fileRef = A220D6B11E68F7E300345B92 /* AppDelegate.swift */; };
		A220D6B41E68F7E300345B92 /* LoginViewController.swift in Sources */ = {isa = PBXBuildFile; fileRef = A220D6B31E68F7E300345B92 /* LoginViewController.swift */; };
		A220D6B61E68F7E300345B92 /* Assets.xcassets in Resources */ = {isa = PBXBuildFile; fileRef = A220D6B51E68F7E300345B92 /* Assets.xcassets */; };
		A220D6B91E68F7E300345B92 /* Main.storyboard in Resources */ = {isa = PBXBuildFile; fileRef = A220D6B71E68F7E300345B92 /* Main.storyboard */; };
		A220D6C41E68F7E300345B92 /* PandaTests.swift in Sources */ = {isa = PBXBuildFile; fileRef = A220D6C31E68F7E300345B92 /* PandaTests.swift */; };
		A220D6CF1E68F7E300345B92 /* PandaUITests.swift in Sources */ = {isa = PBXBuildFile; fileRef = A220D6CE1E68F7E300345B92 /* PandaUITests.swift */; };
		A220D6FD1E68FA4400345B92 /* CryptoSwift.framework in Frameworks */ = {isa = PBXBuildFile; fileRef = A220D6F81E68FA3500345B92 /* CryptoSwift.framework */; };
		A220D6FF1E68FB1500345B92 /* pandaicon2.png in Resources */ = {isa = PBXBuildFile; fileRef = A220D6FE1E68FB1500345B92 /* pandaicon2.png */; };
		A220D7011E68FCFF00345B92 /* User.swift in Sources */ = {isa = PBXBuildFile; fileRef = A220D7001E68FCFF00345B92 /* User.swift */; };
		A27C5FBD1E954BA800CD0E80 /* TripViewController.swift in Sources */ = {isa = PBXBuildFile; fileRef = A27C5FBC1E954BA800CD0E80 /* TripViewController.swift */; };
		A28C74461EA7F21D00C5867D /* roadwebanner.png in Resources */ = {isa = PBXBuildFile; fileRef = A28C74451EA7F21D00C5867D /* roadwebanner.png */; };
		A28C744B1EA7F4FF00C5867D /* pawbutton.png in Resources */ = {isa = PBXBuildFile; fileRef = A28C744A1EA7F4FF00C5867D /* pawbutton.png */; };
		A2CFD4B41E94A02D00F959BE /* lateaMug.png in Resources */ = {isa = PBXBuildFile; fileRef = A2CFD4B31E94A02D00F959BE /* lateaMug.png */; };
		A2CFD4B61E94A04500F959BE /* street.png in Resources */ = {isa = PBXBuildFile; fileRef = A2CFD4B51E94A04500F959BE /* street.png */; };
		A2CFD4B81E94A05A00F959BE /* lightbulb.png in Resources */ = {isa = PBXBuildFile; fileRef = A2CFD4B71E94A05A00F959BE /* lightbulb.png */; };
		A2CFD4BA1E94A07500F959BE /* bookshelf.png in Resources */ = {isa = PBXBuildFile; fileRef = A2CFD4B91E94A07500F959BE /* bookshelf.png */; };
		A2CFD4BC1E94AE9200F959BE /* purduetrip.png in Resources */ = {isa = PBXBuildFile; fileRef = A2CFD4BB1E94AE9200F959BE /* purduetrip.png */; };
		D13828C01EAC008D00A0B8AA /* Event.swift in Sources */ = {isa = PBXBuildFile; fileRef = D13828BF1EAC008D00A0B8AA /* Event.swift */; };
/* End PBXBuildFile section */

/* Begin PBXContainerItemProxy section */
		A220D6C01E68F7E300345B92 /* PBXContainerItemProxy */ = {
			isa = PBXContainerItemProxy;
			containerPortal = A220D6A61E68F7E300345B92 /* Project object */;
			proxyType = 1;
			remoteGlobalIDString = A220D6AD1E68F7E300345B92;
			remoteInfo = Panda;
		};
		A220D6CB1E68F7E300345B92 /* PBXContainerItemProxy */ = {
			isa = PBXContainerItemProxy;
			containerPortal = A220D6A61E68F7E300345B92 /* Project object */;
			proxyType = 1;
			remoteGlobalIDString = A220D6AD1E68F7E300345B92;
			remoteInfo = Panda;
		};
		A220D6F71E68FA3500345B92 /* PBXContainerItemProxy */ = {
			isa = PBXContainerItemProxy;
			containerPortal = A220D6DC1E68F80000345B92 /* CryptoSwift.xcodeproj */;
			proxyType = 2;
			remoteGlobalIDString = 754BE45519693E190098E6F3;
			remoteInfo = CryptoSwift;
		};
		A220D6F91E68FA3500345B92 /* PBXContainerItemProxy */ = {
			isa = PBXContainerItemProxy;
			containerPortal = A220D6DC1E68F80000345B92 /* CryptoSwift.xcodeproj */;
			proxyType = 2;
			remoteGlobalIDString = 754BE46019693E190098E6F3;
			remoteInfo = Tests;
		};
		A220D6FB1E68FA3F00345B92 /* PBXContainerItemProxy */ = {
			isa = PBXContainerItemProxy;
			containerPortal = A220D6DC1E68F80000345B92 /* CryptoSwift.xcodeproj */;
			proxyType = 1;
			remoteGlobalIDString = 754BE45419693E190098E6F3;
			remoteInfo = CryptoSwift;
		};
/* End PBXContainerItemProxy section */

/* Begin PBXFileReference section */
		02D331AE99A1165C903AE491 /* Pods-PandaTests.debug.xcconfig */ = {isa = PBXFileReference; includeInIndex = 1; lastKnownFileType = text.xcconfig; name = "Pods-PandaTests.debug.xcconfig"; path = "Pods/Target Support Files/Pods-PandaTests/Pods-PandaTests.debug.xcconfig"; sourceTree = "<group>"; };
		216C1759F19AB2818B30210F /* Pods-PandaTests.release.xcconfig */ = {isa = PBXFileReference; includeInIndex = 1; lastKnownFileType = text.xcconfig; name = "Pods-PandaTests.release.xcconfig"; path = "Pods/Target Support Files/Pods-PandaTests/Pods-PandaTests.release.xcconfig"; sourceTree = "<group>"; };
		2835AEFE1EB11E2300469A31 /* FriendProfileViewController.swift */ = {isa = PBXFileReference; fileEncoding = 4; lastKnownFileType = sourcecode.swift; path = FriendProfileViewController.swift; sourceTree = "<group>"; };
		2835AEFF1EB11E2300469A31 /* FriendTripViewController.swift */ = {isa = PBXFileReference; fileEncoding = 4; lastKnownFileType = sourcecode.swift; path = FriendTripViewController.swift; sourceTree = "<group>"; };
		2842240C1E6940D900BF2A33 /* CreateAccountViewController.swift */ = {isa = PBXFileReference; fileEncoding = 4; lastKnownFileType = sourcecode.swift; path = CreateAccountViewController.swift; sourceTree = "<group>"; };
		2861AFBC1E6A06A6002871CD /* CustomSegue.swift */ = {isa = PBXFileReference; fileEncoding = 4; lastKnownFileType = sourcecode.swift; path = CustomSegue.swift; sourceTree = "<group>"; };
		2861AFBE1E6A4EA3002871CD /* HomepageViewController.swift */ = {isa = PBXFileReference; fileEncoding = 4; lastKnownFileType = sourcecode.swift; path = HomepageViewController.swift; sourceTree = "<group>"; };
		2861AFC01E6A527D002871CD /* RecordViewController.swift */ = {isa = PBXFileReference; fileEncoding = 4; lastKnownFileType = sourcecode.swift; path = RecordViewController.swift; sourceTree = "<group>"; };
		2861AFC21E6A53FC002871CD /* ProfileViewController.swift */ = {isa = PBXFileReference; fileEncoding = 4; lastKnownFileType = sourcecode.swift; path = ProfileViewController.swift; sourceTree = "<group>"; };
		3875BAA41E6921AC003ED320 /* Business.swift */ = {isa = PBXFileReference; fileEncoding = 4; lastKnownFileType = sourcecode.swift; path = Business.swift; sourceTree = "<group>"; };
		3875BAA81E6922E6003ED320 /* PlanViewController.swift */ = {isa = PBXFileReference; fileEncoding = 4; lastKnownFileType = sourcecode.swift; path = PlanViewController.swift; sourceTree = "<group>"; };
		3E6904C858F20F62B4F10213 /* Pods_PandaTests.framework */ = {isa = PBXFileReference; explicitFileType = wrapper.framework; includeInIndex = 0; path = Pods_PandaTests.framework; sourceTree = BUILT_PRODUCTS_DIR; };
		3E7283B9CE9EBBD11D60F573 /* Pods-Panda.debug.xcconfig */ = {isa = PBXFileReference; includeInIndex = 1; lastKnownFileType = text.xcconfig; name = "Pods-Panda.debug.xcconfig"; path = "Pods/Target Support Files/Pods-Panda/Pods-Panda.debug.xcconfig"; sourceTree = "<group>"; };
		58E2D884E45A0FF50557BB52 /* Pods-PandaUITests.release.xcconfig */ = {isa = PBXFileReference; includeInIndex = 1; lastKnownFileType = text.xcconfig; name = "Pods-PandaUITests.release.xcconfig"; path = "Pods/Target Support Files/Pods-PandaUITests/Pods-PandaUITests.release.xcconfig"; sourceTree = "<group>"; };
		6688EC38FEF58572A493CDEE /* Pods_Panda.framework */ = {isa = PBXFileReference; explicitFileType = wrapper.framework; includeInIndex = 0; path = Pods_Panda.framework; sourceTree = BUILT_PRODUCTS_DIR; };
		7A2E72538938D956EA19ECB2 /* Pods-Panda.release.xcconfig */ = {isa = PBXFileReference; includeInIndex = 1; lastKnownFileType = text.xcconfig; name = "Pods-Panda.release.xcconfig"; path = "Pods/Target Support Files/Pods-Panda/Pods-Panda.release.xcconfig"; sourceTree = "<group>"; };
		94730C007A08755F26167F33 /* Pods_PandaUITests.framework */ = {isa = PBXFileReference; explicitFileType = wrapper.framework; includeInIndex = 0; path = Pods_PandaUITests.framework; sourceTree = BUILT_PRODUCTS_DIR; };
		9B19708C1EA9271200F065E1 /* TripID.swift */ = {isa = PBXFileReference; fileEncoding = 4; lastKnownFileType = sourcecode.swift; path = TripID.swift; sourceTree = "<group>"; };
		9BB8861E1EAF24D60002801A /* Trip.swift */ = {isa = PBXFileReference; fileEncoding = 4; lastKnownFileType = sourcecode.swift; path = Trip.swift; sourceTree = "<group>"; };
		A2029A891EABD07200B52EF7 /* pandaonCloud.png */ = {isa = PBXFileReference; lastKnownFileType = image.png; path = pandaonCloud.png; sourceTree = "<group>"; };
		A220D6AE1E68F7E300345B92 /* Panda.app */ = {isa = PBXFileReference; explicitFileType = wrapper.application; includeInIndex = 0; path = Panda.app; sourceTree = BUILT_PRODUCTS_DIR; };
		A220D6B11E68F7E300345B92 /* AppDelegate.swift */ = {isa = PBXFileReference; lastKnownFileType = sourcecode.swift; path = AppDelegate.swift; sourceTree = "<group>"; };
		A220D6B31E68F7E300345B92 /* LoginViewController.swift */ = {isa = PBXFileReference; lastKnownFileType = sourcecode.swift; path = LoginViewController.swift; sourceTree = "<group>"; };
		A220D6B51E68F7E300345B92 /* Assets.xcassets */ = {isa = PBXFileReference; lastKnownFileType = folder.assetcatalog; path = Assets.xcassets; sourceTree = "<group>"; };
		A220D6B81E68F7E300345B92 /* Base */ = {isa = PBXFileReference; lastKnownFileType = file.storyboard; name = Base; path = Base.lproj/Main.storyboard; sourceTree = "<group>"; };
		A220D6BA1E68F7E300345B92 /* Info.plist */ = {isa = PBXFileReference; lastKnownFileType = text.plist.xml; path = Info.plist; sourceTree = "<group>"; };
		A220D6BF1E68F7E300345B92 /* PandaTests.xctest */ = {isa = PBXFileReference; explicitFileType = wrapper.cfbundle; includeInIndex = 0; path = PandaTests.xctest; sourceTree = BUILT_PRODUCTS_DIR; };
		A220D6C31E68F7E300345B92 /* PandaTests.swift */ = {isa = PBXFileReference; lastKnownFileType = sourcecode.swift; path = PandaTests.swift; sourceTree = "<group>"; };
		A220D6C51E68F7E300345B92 /* Info.plist */ = {isa = PBXFileReference; lastKnownFileType = text.plist.xml; path = Info.plist; sourceTree = "<group>"; };
		A220D6CA1E68F7E300345B92 /* PandaUITests.xctest */ = {isa = PBXFileReference; explicitFileType = wrapper.cfbundle; includeInIndex = 0; path = PandaUITests.xctest; sourceTree = BUILT_PRODUCTS_DIR; };
		A220D6CE1E68F7E300345B92 /* PandaUITests.swift */ = {isa = PBXFileReference; lastKnownFileType = sourcecode.swift; path = PandaUITests.swift; sourceTree = "<group>"; };
		A220D6D01E68F7E300345B92 /* Info.plist */ = {isa = PBXFileReference; lastKnownFileType = text.plist.xml; path = Info.plist; sourceTree = "<group>"; };
		A220D6DC1E68F80000345B92 /* CryptoSwift.xcodeproj */ = {isa = PBXFileReference; lastKnownFileType = "wrapper.pb-project"; name = CryptoSwift.xcodeproj; path = ../../CryptoSwift/CryptoSwift.xcodeproj; sourceTree = "<group>"; };
		A220D6FE1E68FB1500345B92 /* pandaicon2.png */ = {isa = PBXFileReference; lastKnownFileType = image.png; path = pandaicon2.png; sourceTree = "<group>"; };
		A220D7001E68FCFF00345B92 /* User.swift */ = {isa = PBXFileReference; fileEncoding = 4; lastKnownFileType = sourcecode.swift; path = User.swift; sourceTree = "<group>"; };
		A261BB5E1E97163500EF3D22 /* Panda-Bridging-Header.h */ = {isa = PBXFileReference; lastKnownFileType = sourcecode.c.h; path = "Panda-Bridging-Header.h"; sourceTree = "<group>"; };
		A27C5FBC1E954BA800CD0E80 /* TripViewController.swift */ = {isa = PBXFileReference; fileEncoding = 4; lastKnownFileType = sourcecode.swift; path = TripViewController.swift; sourceTree = "<group>"; };
		A28C74451EA7F21D00C5867D /* roadwebanner.png */ = {isa = PBXFileReference; lastKnownFileType = image.png; path = roadwebanner.png; sourceTree = "<group>"; };
		A28C744A1EA7F4FF00C5867D /* pawbutton.png */ = {isa = PBXFileReference; lastKnownFileType = image.png; path = pawbutton.png; sourceTree = "<group>"; };
		A2CFD4B31E94A02D00F959BE /* lateaMug.png */ = {isa = PBXFileReference; lastKnownFileType = image.png; path = lateaMug.png; sourceTree = "<group>"; };
		A2CFD4B51E94A04500F959BE /* street.png */ = {isa = PBXFileReference; lastKnownFileType = image.png; path = street.png; sourceTree = "<group>"; };
		A2CFD4B71E94A05A00F959BE /* lightbulb.png */ = {isa = PBXFileReference; lastKnownFileType = image.png; path = lightbulb.png; sourceTree = "<group>"; };
		A2CFD4B91E94A07500F959BE /* bookshelf.png */ = {isa = PBXFileReference; lastKnownFileType = image.png; path = bookshelf.png; sourceTree = "<group>"; };
		A2CFD4BB1E94AE9200F959BE /* purduetrip.png */ = {isa = PBXFileReference; lastKnownFileType = image.png; path = purduetrip.png; sourceTree = "<group>"; };
		C0ECF7F9A53FFF550A60B12B /* Pods-PandaUITests.debug.xcconfig */ = {isa = PBXFileReference; includeInIndex = 1; lastKnownFileType = text.xcconfig; name = "Pods-PandaUITests.debug.xcconfig"; path = "Pods/Target Support Files/Pods-PandaUITests/Pods-PandaUITests.debug.xcconfig"; sourceTree = "<group>"; };
		D13828BF1EAC008D00A0B8AA /* Event.swift */ = {isa = PBXFileReference; fileEncoding = 4; lastKnownFileType = sourcecode.swift; path = Event.swift; sourceTree = "<group>"; };
/* End PBXFileReference section */

/* Begin PBXFrameworksBuildPhase section */
		A220D6AB1E68F7E300345B92 /* Frameworks */ = {
			isa = PBXFrameworksBuildPhase;
			buildActionMask = 2147483647;
			files = (
				A220D6FD1E68FA4400345B92 /* CryptoSwift.framework in Frameworks */,
				0D1F8A8156AB769A6C93D9B0 /* Pods_Panda.framework in Frameworks */,
			);
			runOnlyForDeploymentPostprocessing = 0;
		};
		A220D6BC1E68F7E300345B92 /* Frameworks */ = {
			isa = PBXFrameworksBuildPhase;
			buildActionMask = 2147483647;
			files = (
				5799F746CD5EE7A7636E8CB9 /* Pods_PandaTests.framework in Frameworks */,
			);
			runOnlyForDeploymentPostprocessing = 0;
		};
		A220D6C71E68F7E300345B92 /* Frameworks */ = {
			isa = PBXFrameworksBuildPhase;
			buildActionMask = 2147483647;
			files = (
				192BBFD2FCDD502D7E159B87 /* Pods_PandaUITests.framework in Frameworks */,
			);
			runOnlyForDeploymentPostprocessing = 0;
		};
/* End PBXFrameworksBuildPhase section */

/* Begin PBXGroup section */
		17F8F7A035F2328BAFBB759B /* Frameworks */ = {
			isa = PBXGroup;
			children = (
				6688EC38FEF58572A493CDEE /* Pods_Panda.framework */,
				3E6904C858F20F62B4F10213 /* Pods_PandaTests.framework */,
				94730C007A08755F26167F33 /* Pods_PandaUITests.framework */,
			);
			name = Frameworks;
			sourceTree = "<group>";
		};
		A220D6A51E68F7E300345B92 = {
			isa = PBXGroup;
			children = (
				A220D6B01E68F7E300345B92 /* Panda */,
				A220D6C21E68F7E300345B92 /* PandaTests */,
				A220D6CD1E68F7E300345B92 /* PandaUITests */,
				A220D6AF1E68F7E300345B92 /* Products */,
				EFFA9C7880E3681493CE6C57 /* Pods */,
				17F8F7A035F2328BAFBB759B /* Frameworks */,
			);
			sourceTree = "<group>";
		};
		A220D6AF1E68F7E300345B92 /* Products */ = {
			isa = PBXGroup;
			children = (
				A220D6AE1E68F7E300345B92 /* Panda.app */,
				A220D6BF1E68F7E300345B92 /* PandaTests.xctest */,
				A220D6CA1E68F7E300345B92 /* PandaUITests.xctest */,
			);
			name = Products;
			sourceTree = "<group>";
		};
		A220D6B01E68F7E300345B92 /* Panda */ = {
			isa = PBXGroup;
			children = (
				2835AEFE1EB11E2300469A31 /* FriendProfileViewController.swift */,
				2835AEFF1EB11E2300469A31 /* FriendTripViewController.swift */,
				9BB8861E1EAF24D60002801A /* Trip.swift */,
				D13828BF1EAC008D00A0B8AA /* Event.swift */,
				A220D6FE1E68FB1500345B92 /* pandaicon2.png */,
				A220D6B11E68F7E300345B92 /* AppDelegate.swift */,
				A220D6DC1E68F80000345B92 /* CryptoSwift.xcodeproj */,
				A220D6B31E68F7E300345B92 /* LoginViewController.swift */,
				A220D6B51E68F7E300345B92 /* Assets.xcassets */,
				A220D6B71E68F7E300345B92 /* Main.storyboard */,
				2842240C1E6940D900BF2A33 /* CreateAccountViewController.swift */,
				A220D7001E68FCFF00345B92 /* User.swift */,
				A220D6BA1E68F7E300345B92 /* Info.plist */,
				A28C744A1EA7F4FF00C5867D /* pawbutton.png */,
				3875BAA41E6921AC003ED320 /* Business.swift */,
				3875BAA81E6922E6003ED320 /* PlanViewController.swift */,
				2861AFBC1E6A06A6002871CD /* CustomSegue.swift */,
				2861AFBE1E6A4EA3002871CD /* HomepageViewController.swift */,
				2861AFC01E6A527D002871CD /* RecordViewController.swift */,
				2861AFC21E6A53FC002871CD /* ProfileViewController.swift */,
				A28C74451EA7F21D00C5867D /* roadwebanner.png */,
				A2CFD4B31E94A02D00F959BE /* lateaMug.png */,
				A2CFD4B51E94A04500F959BE /* street.png */,
				A2CFD4B71E94A05A00F959BE /* lightbulb.png */,
				A2CFD4B91E94A07500F959BE /* bookshelf.png */,
				A2029A891EABD07200B52EF7 /* pandaonCloud.png */,
				A2CFD4BB1E94AE9200F959BE /* purduetrip.png */,
				A27C5FBC1E954BA800CD0E80 /* TripViewController.swift */,
				A261BB5E1E97163500EF3D22 /* Panda-Bridging-Header.h */,
				9B19708C1EA9271200F065E1 /* TripID.swift */,
			);
			path = Panda;
			sourceTree = "<group>";
		};
		A220D6C21E68F7E300345B92 /* PandaTests */ = {
			isa = PBXGroup;
			children = (
				A220D6C31E68F7E300345B92 /* PandaTests.swift */,
				A220D6C51E68F7E300345B92 /* Info.plist */,
			);
			path = PandaTests;
			sourceTree = "<group>";
		};
		A220D6CD1E68F7E300345B92 /* PandaUITests */ = {
			isa = PBXGroup;
			children = (
				A220D6CE1E68F7E300345B92 /* PandaUITests.swift */,
				A220D6D01E68F7E300345B92 /* Info.plist */,
			);
			path = PandaUITests;
			sourceTree = "<group>";
		};
		A220D6F31E68FA3500345B92 /* Products */ = {
			isa = PBXGroup;
			children = (
				A220D6F81E68FA3500345B92 /* CryptoSwift.framework */,
				A220D6FA1E68FA3500345B92 /* Tests.xctest */,
			);
			name = Products;
			sourceTree = "<group>";
		};
		EFFA9C7880E3681493CE6C57 /* Pods */ = {
			isa = PBXGroup;
			children = (
				3E7283B9CE9EBBD11D60F573 /* Pods-Panda.debug.xcconfig */,
				7A2E72538938D956EA19ECB2 /* Pods-Panda.release.xcconfig */,
				02D331AE99A1165C903AE491 /* Pods-PandaTests.debug.xcconfig */,
				216C1759F19AB2818B30210F /* Pods-PandaTests.release.xcconfig */,
				C0ECF7F9A53FFF550A60B12B /* Pods-PandaUITests.debug.xcconfig */,
				58E2D884E45A0FF50557BB52 /* Pods-PandaUITests.release.xcconfig */,
			);
			name = Pods;
			sourceTree = "<group>";
		};
/* End PBXGroup section */

/* Begin PBXNativeTarget section */
		A220D6AD1E68F7E300345B92 /* Panda */ = {
			isa = PBXNativeTarget;
			buildConfigurationList = A220D6D31E68F7E300345B92 /* Build configuration list for PBXNativeTarget "Panda" */;
			buildPhases = (
				29853951E69F929B7A9BEC7C /* [CP] Check Pods Manifest.lock */,
				A220D6AA1E68F7E300345B92 /* Sources */,
				A220D6AB1E68F7E300345B92 /* Frameworks */,
				A220D6AC1E68F7E300345B92 /* Resources */,
				C223E58657134750931D508D /* [CP] Embed Pods Frameworks */,
				63D7C79CBD3EF6C44178B0B2 /* [CP] Copy Pods Resources */,
			);
			buildRules = (
			);
			dependencies = (
				A220D6FC1E68FA3F00345B92 /* PBXTargetDependency */,
			);
			name = Panda;
			productName = Panda;
			productReference = A220D6AE1E68F7E300345B92 /* Panda.app */;
			productType = "com.apple.product-type.application";
		};
		A220D6BE1E68F7E300345B92 /* PandaTests */ = {
			isa = PBXNativeTarget;
			buildConfigurationList = A220D6D61E68F7E300345B92 /* Build configuration list for PBXNativeTarget "PandaTests" */;
			buildPhases = (
				E4FE9EBD60290315BF3B15E1 /* [CP] Check Pods Manifest.lock */,
				A220D6BB1E68F7E300345B92 /* Sources */,
				A220D6BC1E68F7E300345B92 /* Frameworks */,
				A220D6BD1E68F7E300345B92 /* Resources */,
				2CBAE25EA276F7955E53B127 /* [CP] Embed Pods Frameworks */,
				D8846E917B331833CDFE8761 /* [CP] Copy Pods Resources */,
			);
			buildRules = (
			);
			dependencies = (
				A220D6C11E68F7E300345B92 /* PBXTargetDependency */,
			);
			name = PandaTests;
			productName = PandaTests;
			productReference = A220D6BF1E68F7E300345B92 /* PandaTests.xctest */;
			productType = "com.apple.product-type.bundle.unit-test";
		};
		A220D6C91E68F7E300345B92 /* PandaUITests */ = {
			isa = PBXNativeTarget;
			buildConfigurationList = A220D6D91E68F7E300345B92 /* Build configuration list for PBXNativeTarget "PandaUITests" */;
			buildPhases = (
				1A05AE7A343B4460CD275D72 /* [CP] Check Pods Manifest.lock */,
				A220D6C61E68F7E300345B92 /* Sources */,
				A220D6C71E68F7E300345B92 /* Frameworks */,
				A220D6C81E68F7E300345B92 /* Resources */,
				8BB25C024C272C791B09E2B4 /* [CP] Embed Pods Frameworks */,
				745CDDA72A4878D20F66BEA4 /* [CP] Copy Pods Resources */,
			);
			buildRules = (
			);
			dependencies = (
				A220D6CC1E68F7E300345B92 /* PBXTargetDependency */,
			);
			name = PandaUITests;
			productName = PandaUITests;
			productReference = A220D6CA1E68F7E300345B92 /* PandaUITests.xctest */;
			productType = "com.apple.product-type.bundle.ui-testing";
		};
/* End PBXNativeTarget section */

/* Begin PBXProject section */
		A220D6A61E68F7E300345B92 /* Project object */ = {
			isa = PBXProject;
			attributes = {
				LastSwiftUpdateCheck = 0820;
				LastUpgradeCheck = 0830;
				ORGANIZATIONNAME = Panda;
				TargetAttributes = {
					A220D6AD1E68F7E300345B92 = {
						CreatedOnToolsVersion = 8.2.1;
						LastSwiftMigration = 0830;
						ProvisioningStyle = Automatic;
					};
					A220D6BE1E68F7E300345B92 = {
						CreatedOnToolsVersion = 8.2.1;
						ProvisioningStyle = Automatic;
						TestTargetID = A220D6AD1E68F7E300345B92;
					};
					A220D6C91E68F7E300345B92 = {
						CreatedOnToolsVersion = 8.2.1;
						ProvisioningStyle = Automatic;
						TestTargetID = A220D6AD1E68F7E300345B92;
					};
				};
			};
			buildConfigurationList = A220D6A91E68F7E300345B92 /* Build configuration list for PBXProject "Panda" */;
			compatibilityVersion = "Xcode 3.2";
			developmentRegion = English;
			hasScannedForEncodings = 0;
			knownRegions = (
				en,
				Base,
			);
			mainGroup = A220D6A51E68F7E300345B92;
			productRefGroup = A220D6AF1E68F7E300345B92 /* Products */;
			projectDirPath = "";
			projectReferences = (
				{
					ProductGroup = A220D6F31E68FA3500345B92 /* Products */;
					ProjectRef = A220D6DC1E68F80000345B92 /* CryptoSwift.xcodeproj */;
				},
			);
			projectRoot = "";
			targets = (
				A220D6AD1E68F7E300345B92 /* Panda */,
				A220D6BE1E68F7E300345B92 /* PandaTests */,
				A220D6C91E68F7E300345B92 /* PandaUITests */,
			);
		};
/* End PBXProject section */

/* Begin PBXReferenceProxy section */
		A220D6F81E68FA3500345B92 /* CryptoSwift.framework */ = {
			isa = PBXReferenceProxy;
			fileType = wrapper.framework;
			path = CryptoSwift.framework;
			remoteRef = A220D6F71E68FA3500345B92 /* PBXContainerItemProxy */;
			sourceTree = BUILT_PRODUCTS_DIR;
		};
		A220D6FA1E68FA3500345B92 /* Tests.xctest */ = {
			isa = PBXReferenceProxy;
			fileType = wrapper.cfbundle;
			path = Tests.xctest;
			remoteRef = A220D6F91E68FA3500345B92 /* PBXContainerItemProxy */;
			sourceTree = BUILT_PRODUCTS_DIR;
		};
/* End PBXReferenceProxy section */

/* Begin PBXResourcesBuildPhase section */
		A220D6AC1E68F7E300345B92 /* Resources */ = {
			isa = PBXResourcesBuildPhase;
			buildActionMask = 2147483647;
			files = (
				A220D6B61E68F7E300345B92 /* Assets.xcassets in Resources */,
				A220D6B91E68F7E300345B92 /* Main.storyboard in Resources */,
				A28C74461EA7F21D00C5867D /* roadwebanner.png in Resources */,
				A28C744B1EA7F4FF00C5867D /* pawbutton.png in Resources */,
				A2CFD4B61E94A04500F959BE /* street.png in Resources */,
				A2029A8A1EABD07200B52EF7 /* pandaonCloud.png in Resources */,
				A2CFD4B41E94A02D00F959BE /* lateaMug.png in Resources */,
				A2CFD4B81E94A05A00F959BE /* lightbulb.png in Resources */,
				A2CFD4BC1E94AE9200F959BE /* purduetrip.png in Resources */,
				A2CFD4BA1E94A07500F959BE /* bookshelf.png in Resources */,
				A220D6FF1E68FB1500345B92 /* pandaicon2.png in Resources */,
			);
			runOnlyForDeploymentPostprocessing = 0;
		};
		A220D6BD1E68F7E300345B92 /* Resources */ = {
			isa = PBXResourcesBuildPhase;
			buildActionMask = 2147483647;
			files = (
			);
			runOnlyForDeploymentPostprocessing = 0;
		};
		A220D6C81E68F7E300345B92 /* Resources */ = {
			isa = PBXResourcesBuildPhase;
			buildActionMask = 2147483647;
			files = (
			);
			runOnlyForDeploymentPostprocessing = 0;
		};
/* End PBXResourcesBuildPhase section */

/* Begin PBXShellScriptBuildPhase section */
		1A05AE7A343B4460CD275D72 /* [CP] Check Pods Manifest.lock */ = {
			isa = PBXShellScriptBuildPhase;
			buildActionMask = 2147483647;
			files = (
			);
			inputPaths = (
			);
			name = "[CP] Check Pods Manifest.lock";
			outputPaths = (
			);
			runOnlyForDeploymentPostprocessing = 0;
			shellPath = /bin/sh;
			shellScript = "diff \"${PODS_ROOT}/../Podfile.lock\" \"${PODS_ROOT}/Manifest.lock\" > /dev/null\nif [ $? != 0 ] ; then\n    # print error to STDERR\n    echo \"error: The sandbox is not in sync with the Podfile.lock. Run 'pod install' or update your CocoaPods installation.\" >&2\n    exit 1\nfi\n";
			showEnvVarsInLog = 0;
		};
		29853951E69F929B7A9BEC7C /* [CP] Check Pods Manifest.lock */ = {
			isa = PBXShellScriptBuildPhase;
			buildActionMask = 2147483647;
			files = (
			);
			inputPaths = (
			);
			name = "[CP] Check Pods Manifest.lock";
			outputPaths = (
			);
			runOnlyForDeploymentPostprocessing = 0;
			shellPath = /bin/sh;
			shellScript = "diff \"${PODS_ROOT}/../Podfile.lock\" \"${PODS_ROOT}/Manifest.lock\" > /dev/null\nif [ $? != 0 ] ; then\n    # print error to STDERR\n    echo \"error: The sandbox is not in sync with the Podfile.lock. Run 'pod install' or update your CocoaPods installation.\" >&2\n    exit 1\nfi\n";
			showEnvVarsInLog = 0;
		};
		2CBAE25EA276F7955E53B127 /* [CP] Embed Pods Frameworks */ = {
			isa = PBXShellScriptBuildPhase;
			buildActionMask = 2147483647;
			files = (
			);
			inputPaths = (
			);
			name = "[CP] Embed Pods Frameworks";
			outputPaths = (
			);
			runOnlyForDeploymentPostprocessing = 0;
			shellPath = /bin/sh;
			shellScript = "\"${SRCROOT}/Pods/Target Support Files/Pods-PandaTests/Pods-PandaTests-frameworks.sh\"\n";
			showEnvVarsInLog = 0;
		};
		63D7C79CBD3EF6C44178B0B2 /* [CP] Copy Pods Resources */ = {
			isa = PBXShellScriptBuildPhase;
			buildActionMask = 2147483647;
			files = (
			);
			inputPaths = (
			);
			name = "[CP] Copy Pods Resources";
			outputPaths = (
			);
			runOnlyForDeploymentPostprocessing = 0;
			shellPath = /bin/sh;
			shellScript = "\"${SRCROOT}/Pods/Target Support Files/Pods-Panda/Pods-Panda-resources.sh\"\n";
			showEnvVarsInLog = 0;
		};
		745CDDA72A4878D20F66BEA4 /* [CP] Copy Pods Resources */ = {
			isa = PBXShellScriptBuildPhase;
			buildActionMask = 2147483647;
			files = (
			);
			inputPaths = (
			);
			name = "[CP] Copy Pods Resources";
			outputPaths = (
			);
			runOnlyForDeploymentPostprocessing = 0;
			shellPath = /bin/sh;
			shellScript = "\"${SRCROOT}/Pods/Target Support Files/Pods-PandaUITests/Pods-PandaUITests-resources.sh\"\n";
			showEnvVarsInLog = 0;
		};
		8BB25C024C272C791B09E2B4 /* [CP] Embed Pods Frameworks */ = {
			isa = PBXShellScriptBuildPhase;
			buildActionMask = 2147483647;
			files = (
			);
			inputPaths = (
			);
			name = "[CP] Embed Pods Frameworks";
			outputPaths = (
			);
			runOnlyForDeploymentPostprocessing = 0;
			shellPath = /bin/sh;
			shellScript = "\"${SRCROOT}/Pods/Target Support Files/Pods-PandaUITests/Pods-PandaUITests-frameworks.sh\"\n";
			showEnvVarsInLog = 0;
		};
		C223E58657134750931D508D /* [CP] Embed Pods Frameworks */ = {
			isa = PBXShellScriptBuildPhase;
			buildActionMask = 2147483647;
			files = (
			);
			inputPaths = (
			);
			name = "[CP] Embed Pods Frameworks";
			outputPaths = (
			);
			runOnlyForDeploymentPostprocessing = 0;
			shellPath = /bin/sh;
			shellScript = "\"${SRCROOT}/Pods/Target Support Files/Pods-Panda/Pods-Panda-frameworks.sh\"\n";
			showEnvVarsInLog = 0;
		};
		D8846E917B331833CDFE8761 /* [CP] Copy Pods Resources */ = {
			isa = PBXShellScriptBuildPhase;
			buildActionMask = 2147483647;
			files = (
			);
			inputPaths = (
			);
			name = "[CP] Copy Pods Resources";
			outputPaths = (
			);
			runOnlyForDeploymentPostprocessing = 0;
			shellPath = /bin/sh;
			shellScript = "\"${SRCROOT}/Pods/Target Support Files/Pods-PandaTests/Pods-PandaTests-resources.sh\"\n";
			showEnvVarsInLog = 0;
		};
		E4FE9EBD60290315BF3B15E1 /* [CP] Check Pods Manifest.lock */ = {
			isa = PBXShellScriptBuildPhase;
			buildActionMask = 2147483647;
			files = (
			);
			inputPaths = (
			);
			name = "[CP] Check Pods Manifest.lock";
			outputPaths = (
			);
			runOnlyForDeploymentPostprocessing = 0;
			shellPath = /bin/sh;
			shellScript = "diff \"${PODS_ROOT}/../Podfile.lock\" \"${PODS_ROOT}/Manifest.lock\" > /dev/null\nif [ $? != 0 ] ; then\n    # print error to STDERR\n    echo \"error: The sandbox is not in sync with the Podfile.lock. Run 'pod install' or update your CocoaPods installation.\" >&2\n    exit 1\nfi\n";
			showEnvVarsInLog = 0;
		};
/* End PBXShellScriptBuildPhase section */

/* Begin PBXSourcesBuildPhase section */
		A220D6AA1E68F7E300345B92 /* Sources */ = {
			isa = PBXSourcesBuildPhase;
			buildActionMask = 2147483647;
			files = (
				2835AF001EB11E2300469A31 /* FriendProfileViewController.swift in Sources */,
				2842240D1E6940D900BF2A33 /* CreateAccountViewController.swift in Sources */,
				A220D6B41E68F7E300345B92 /* LoginViewController.swift in Sources */,
				2861AFC31E6A53FC002871CD /* ProfileViewController.swift in Sources */,
				3875BAA91E6922E6003ED320 /* PlanViewController.swift in Sources */,
				2861AFC11E6A527D002871CD /* RecordViewController.swift in Sources */,
				3875BAA51E6921AC003ED320 /* Business.swift in Sources */,
				A27C5FBD1E954BA800CD0E80 /* TripViewController.swift in Sources */,
				9B19708D1EA9271200F065E1 /* TripID.swift in Sources */,
				2861AFBF1E6A4EA3002871CD /* HomepageViewController.swift in Sources */,
				2861AFBD1E6A06A6002871CD /* CustomSegue.swift in Sources */,
				A220D6B21E68F7E300345B92 /* AppDelegate.swift in Sources */,
				A220D7011E68FCFF00345B92 /* User.swift in Sources */,
				9BB8861F1EAF24D60002801A /* Trip.swift in Sources */,
				D13828C01EAC008D00A0B8AA /* Event.swift in Sources */,
				2835AF011EB11E2300469A31 /* FriendTripViewController.swift in Sources */,
			);
			runOnlyForDeploymentPostprocessing = 0;
		};
		A220D6BB1E68F7E300345B92 /* Sources */ = {
			isa = PBXSourcesBuildPhase;
			buildActionMask = 2147483647;
			files = (
				A220D6C41E68F7E300345B92 /* PandaTests.swift in Sources */,
			);
			runOnlyForDeploymentPostprocessing = 0;
		};
		A220D6C61E68F7E300345B92 /* Sources */ = {
			isa = PBXSourcesBuildPhase;
			buildActionMask = 2147483647;
			files = (
				A220D6CF1E68F7E300345B92 /* PandaUITests.swift in Sources */,
			);
			runOnlyForDeploymentPostprocessing = 0;
		};
/* End PBXSourcesBuildPhase section */

/* Begin PBXTargetDependency section */
		A220D6C11E68F7E300345B92 /* PBXTargetDependency */ = {
			isa = PBXTargetDependency;
			target = A220D6AD1E68F7E300345B92 /* Panda */;
			targetProxy = A220D6C01E68F7E300345B92 /* PBXContainerItemProxy */;
		};
		A220D6CC1E68F7E300345B92 /* PBXTargetDependency */ = {
			isa = PBXTargetDependency;
			target = A220D6AD1E68F7E300345B92 /* Panda */;
			targetProxy = A220D6CB1E68F7E300345B92 /* PBXContainerItemProxy */;
		};
		A220D6FC1E68FA3F00345B92 /* PBXTargetDependency */ = {
			isa = PBXTargetDependency;
			name = CryptoSwift;
			targetProxy = A220D6FB1E68FA3F00345B92 /* PBXContainerItemProxy */;
		};
/* End PBXTargetDependency section */

/* Begin PBXVariantGroup section */
		A220D6B71E68F7E300345B92 /* Main.storyboard */ = {
			isa = PBXVariantGroup;
			children = (
				A220D6B81E68F7E300345B92 /* Base */,
			);
			name = Main.storyboard;
			sourceTree = "<group>";
		};
/* End PBXVariantGroup section */

/* Begin XCBuildConfiguration section */
		A220D6D11E68F7E300345B92 /* Debug */ = {
			isa = XCBuildConfiguration;
			buildSettings = {
				ALWAYS_SEARCH_USER_PATHS = NO;
				CLANG_ANALYZER_NONNULL = YES;
				CLANG_CXX_LANGUAGE_STANDARD = "gnu++0x";
				CLANG_CXX_LIBRARY = "libc++";
				CLANG_ENABLE_MODULES = YES;
				CLANG_ENABLE_OBJC_ARC = YES;
				CLANG_WARN_BOOL_CONVERSION = YES;
				CLANG_WARN_CONSTANT_CONVERSION = YES;
				CLANG_WARN_DIRECT_OBJC_ISA_USAGE = YES_ERROR;
				CLANG_WARN_DOCUMENTATION_COMMENTS = YES;
				CLANG_WARN_EMPTY_BODY = YES;
				CLANG_WARN_ENUM_CONVERSION = YES;
				CLANG_WARN_INFINITE_RECURSION = YES;
				CLANG_WARN_INT_CONVERSION = YES;
				CLANG_WARN_OBJC_ROOT_CLASS = YES_ERROR;
				CLANG_WARN_SUSPICIOUS_MOVE = YES;
				CLANG_WARN_UNREACHABLE_CODE = YES;
				CLANG_WARN__DUPLICATE_METHOD_MATCH = YES;
				CODE_SIGN_IDENTITY = "-";
				COPY_PHASE_STRIP = NO;
				DEBUG_INFORMATION_FORMAT = dwarf;
				ENABLE_STRICT_OBJC_MSGSEND = YES;
				ENABLE_TESTABILITY = YES;
				GCC_C_LANGUAGE_STANDARD = gnu99;
				GCC_DYNAMIC_NO_PIC = NO;
				GCC_NO_COMMON_BLOCKS = YES;
				GCC_OPTIMIZATION_LEVEL = 0;
				GCC_PREPROCESSOR_DEFINITIONS = (
					"DEBUG=1",
					"$(inherited)",
				);
				GCC_WARN_64_TO_32_BIT_CONVERSION = YES;
				GCC_WARN_ABOUT_RETURN_TYPE = YES_ERROR;
				GCC_WARN_UNDECLARED_SELECTOR = YES;
				GCC_WARN_UNINITIALIZED_AUTOS = YES_AGGRESSIVE;
				GCC_WARN_UNUSED_FUNCTION = YES;
				GCC_WARN_UNUSED_VARIABLE = YES;
				MACOSX_DEPLOYMENT_TARGET = 10.12;
				MTL_ENABLE_DEBUG_INFO = YES;
				ONLY_ACTIVE_ARCH = YES;
				SDKROOT = macosx;
				SWIFT_ACTIVE_COMPILATION_CONDITIONS = DEBUG;
				SWIFT_OPTIMIZATION_LEVEL = "-Onone";
			};
			name = Debug;
		};
		A220D6D21E68F7E300345B92 /* Release */ = {
			isa = XCBuildConfiguration;
			buildSettings = {
				ALWAYS_SEARCH_USER_PATHS = NO;
				CLANG_ANALYZER_NONNULL = YES;
				CLANG_CXX_LANGUAGE_STANDARD = "gnu++0x";
				CLANG_CXX_LIBRARY = "libc++";
				CLANG_ENABLE_MODULES = YES;
				CLANG_ENABLE_OBJC_ARC = YES;
				CLANG_WARN_BOOL_CONVERSION = YES;
				CLANG_WARN_CONSTANT_CONVERSION = YES;
				CLANG_WARN_DIRECT_OBJC_ISA_USAGE = YES_ERROR;
				CLANG_WARN_DOCUMENTATION_COMMENTS = YES;
				CLANG_WARN_EMPTY_BODY = YES;
				CLANG_WARN_ENUM_CONVERSION = YES;
				CLANG_WARN_INFINITE_RECURSION = YES;
				CLANG_WARN_INT_CONVERSION = YES;
				CLANG_WARN_OBJC_ROOT_CLASS = YES_ERROR;
				CLANG_WARN_SUSPICIOUS_MOVE = YES;
				CLANG_WARN_UNREACHABLE_CODE = YES;
				CLANG_WARN__DUPLICATE_METHOD_MATCH = YES;
				CODE_SIGN_IDENTITY = "-";
				COPY_PHASE_STRIP = NO;
				DEBUG_INFORMATION_FORMAT = "dwarf-with-dsym";
				ENABLE_NS_ASSERTIONS = NO;
				ENABLE_STRICT_OBJC_MSGSEND = YES;
				GCC_C_LANGUAGE_STANDARD = gnu99;
				GCC_NO_COMMON_BLOCKS = YES;
				GCC_WARN_64_TO_32_BIT_CONVERSION = YES;
				GCC_WARN_ABOUT_RETURN_TYPE = YES_ERROR;
				GCC_WARN_UNDECLARED_SELECTOR = YES;
				GCC_WARN_UNINITIALIZED_AUTOS = YES_AGGRESSIVE;
				GCC_WARN_UNUSED_FUNCTION = YES;
				GCC_WARN_UNUSED_VARIABLE = YES;
				MACOSX_DEPLOYMENT_TARGET = 10.12;
				MTL_ENABLE_DEBUG_INFO = NO;
				SDKROOT = macosx;
				SWIFT_OPTIMIZATION_LEVEL = "-Owholemodule";
			};
			name = Release;
		};
		A220D6D41E68F7E300345B92 /* Debug */ = {
			isa = XCBuildConfiguration;
			baseConfigurationReference = 3E7283B9CE9EBBD11D60F573 /* Pods-Panda.debug.xcconfig */;
			buildSettings = {
				ALWAYS_EMBED_SWIFT_STANDARD_LIBRARIES = YES;
				ASSETCATALOG_COMPILER_APPICON_NAME = AppIcon;
				CLANG_ENABLE_MODULES = YES;
				COMBINE_HIDPI_IMAGES = YES;
				INFOPLIST_FILE = Panda/Info.plist;
				LD_RUNPATH_SEARCH_PATHS = "$(inherited) @executable_path/../Frameworks";
				MACOSX_DEPLOYMENT_TARGET = 10.11;
				PRODUCT_BUNDLE_IDENTIFIER = com.panda.Panda;
				PRODUCT_NAME = "$(TARGET_NAME)";
				SWIFT_OBJC_BRIDGING_HEADER = "Panda/Panda-Bridging-Header.h";
				SWIFT_OPTIMIZATION_LEVEL = "-Onone";
				SWIFT_VERSION = 3.0;
			};
			name = Debug;
		};
		A220D6D51E68F7E300345B92 /* Release */ = {
			isa = XCBuildConfiguration;
			baseConfigurationReference = 7A2E72538938D956EA19ECB2 /* Pods-Panda.release.xcconfig */;
			buildSettings = {
				ALWAYS_EMBED_SWIFT_STANDARD_LIBRARIES = YES;
				ASSETCATALOG_COMPILER_APPICON_NAME = AppIcon;
				CLANG_ENABLE_MODULES = YES;
				COMBINE_HIDPI_IMAGES = YES;
				INFOPLIST_FILE = Panda/Info.plist;
				LD_RUNPATH_SEARCH_PATHS = "$(inherited) @executable_path/../Frameworks";
				MACOSX_DEPLOYMENT_TARGET = 10.11;
				PRODUCT_BUNDLE_IDENTIFIER = com.panda.Panda;
				PRODUCT_NAME = "$(TARGET_NAME)";
				SWIFT_OBJC_BRIDGING_HEADER = "Panda/Panda-Bridging-Header.h";
				SWIFT_VERSION = 3.0;
			};
			name = Release;
		};
		A220D6D71E68F7E300345B92 /* Debug */ = {
			isa = XCBuildConfiguration;
			baseConfigurationReference = 02D331AE99A1165C903AE491 /* Pods-PandaTests.debug.xcconfig */;
			buildSettings = {
				ALWAYS_EMBED_SWIFT_STANDARD_LIBRARIES = YES;
				BUNDLE_LOADER = "$(TEST_HOST)";
				COMBINE_HIDPI_IMAGES = YES;
				INFOPLIST_FILE = PandaTests/Info.plist;
				LD_RUNPATH_SEARCH_PATHS = "$(inherited) @executable_path/../Frameworks @loader_path/../Frameworks";
				PRODUCT_BUNDLE_IDENTIFIER = com.panda.PandaTests;
				PRODUCT_NAME = "$(TARGET_NAME)";
				SWIFT_VERSION = 3.0;
				TEST_HOST = "$(BUILT_PRODUCTS_DIR)/Panda.app/Contents/MacOS/Panda";
			};
			name = Debug;
		};
		A220D6D81E68F7E300345B92 /* Release */ = {
			isa = XCBuildConfiguration;
			baseConfigurationReference = 216C1759F19AB2818B30210F /* Pods-PandaTests.release.xcconfig */;
			buildSettings = {
				ALWAYS_EMBED_SWIFT_STANDARD_LIBRARIES = YES;
				BUNDLE_LOADER = "$(TEST_HOST)";
				COMBINE_HIDPI_IMAGES = YES;
				INFOPLIST_FILE = PandaTests/Info.plist;
				LD_RUNPATH_SEARCH_PATHS = "$(inherited) @executable_path/../Frameworks @loader_path/../Frameworks";
				PRODUCT_BUNDLE_IDENTIFIER = com.panda.PandaTests;
				PRODUCT_NAME = "$(TARGET_NAME)";
				SWIFT_VERSION = 3.0;
				TEST_HOST = "$(BUILT_PRODUCTS_DIR)/Panda.app/Contents/MacOS/Panda";
			};
			name = Release;
		};
		A220D6DA1E68F7E300345B92 /* Debug */ = {
			isa = XCBuildConfiguration;
			baseConfigurationReference = C0ECF7F9A53FFF550A60B12B /* Pods-PandaUITests.debug.xcconfig */;
			buildSettings = {
				ALWAYS_EMBED_SWIFT_STANDARD_LIBRARIES = YES;
				COMBINE_HIDPI_IMAGES = YES;
				INFOPLIST_FILE = PandaUITests/Info.plist;
				LD_RUNPATH_SEARCH_PATHS = "$(inherited) @executable_path/../Frameworks @loader_path/../Frameworks";
				PRODUCT_BUNDLE_IDENTIFIER = com.panda.PandaUITests;
				PRODUCT_NAME = "$(TARGET_NAME)";
				SWIFT_VERSION = 3.0;
				TEST_TARGET_NAME = Panda;
			};
			name = Debug;
		};
		A220D6DB1E68F7E300345B92 /* Release */ = {
			isa = XCBuildConfiguration;
			baseConfigurationReference = 58E2D884E45A0FF50557BB52 /* Pods-PandaUITests.release.xcconfig */;
			buildSettings = {
				ALWAYS_EMBED_SWIFT_STANDARD_LIBRARIES = YES;
				COMBINE_HIDPI_IMAGES = YES;
				INFOPLIST_FILE = PandaUITests/Info.plist;
				LD_RUNPATH_SEARCH_PATHS = "$(inherited) @executable_path/../Frameworks @loader_path/../Frameworks";
				PRODUCT_BUNDLE_IDENTIFIER = com.panda.PandaUITests;
				PRODUCT_NAME = "$(TARGET_NAME)";
				SWIFT_VERSION = 3.0;
				TEST_TARGET_NAME = Panda;
			};
			name = Release;
		};
/* End XCBuildConfiguration section */

/* Begin XCConfigurationList section */
		A220D6A91E68F7E300345B92 /* Build configuration list for PBXProject "Panda" */ = {
			isa = XCConfigurationList;
			buildConfigurations = (
				A220D6D11E68F7E300345B92 /* Debug */,
				A220D6D21E68F7E300345B92 /* Release */,
			);
			defaultConfigurationIsVisible = 0;
			defaultConfigurationName = Release;
		};
		A220D6D31E68F7E300345B92 /* Build configuration list for PBXNativeTarget "Panda" */ = {
			isa = XCConfigurationList;
			buildConfigurations = (
				A220D6D41E68F7E300345B92 /* Debug */,
				A220D6D51E68F7E300345B92 /* Release */,
			);
			defaultConfigurationIsVisible = 0;
			defaultConfigurationName = Release;
		};
		A220D6D61E68F7E300345B92 /* Build configuration list for PBXNativeTarget "PandaTests" */ = {
			isa = XCConfigurationList;
			buildConfigurations = (
				A220D6D71E68F7E300345B92 /* Debug */,
				A220D6D81E68F7E300345B92 /* Release */,
			);
			defaultConfigurationIsVisible = 0;
			defaultConfigurationName = Release;
		};
		A220D6D91E68F7E300345B92 /* Build configuration list for PBXNativeTarget "PandaUITests" */ = {
			isa = XCConfigurationList;
			buildConfigurations = (
				A220D6DA1E68F7E300345B92 /* Debug */,
				A220D6DB1E68F7E300345B92 /* Release */,
			);
			defaultConfigurationIsVisible = 0;
			defaultConfigurationName = Release;
		};
/* End XCConfigurationList section */
	};
	rootObject = A220D6A61E68F7E300345B92 /* Project object */;
}
