// !$*UTF8*$!
{
	archiveVersion = 1;
	classes = {
	};
	objectVersion = 46;
	objects = {

/* Begin PBXBuildFile section */
		A23ABFF21E6607BC005AAE48 /* AppDelegate.swift in Sources */ = {isa = PBXBuildFile; fileRef = A23ABFF11E6607BC005AAE48 /* AppDelegate.swift */; };
		A23ABFF41E6607BC005AAE48 /* ViewController.swift in Sources */ = {isa = PBXBuildFile; fileRef = A23ABFF31E6607BC005AAE48 /* ViewController.swift */; };
		A23ABFF61E6607BC005AAE48 /* Assets.xcassets in Resources */ = {isa = PBXBuildFile; fileRef = A23ABFF51E6607BC005AAE48 /* Assets.xcassets */; };
		A23ABFF91E6607BC005AAE48 /* Main.storyboard in Resources */ = {isa = PBXBuildFile; fileRef = A23ABFF71E6607BC005AAE48 /* Main.storyboard */; };
		A23AC0041E6607BC005AAE48 /* PandaTests.swift in Sources */ = {isa = PBXBuildFile; fileRef = A23AC0031E6607BC005AAE48 /* PandaTests.swift */; };
		A23AC00F1E6607BC005AAE48 /* PandaUITests.swift in Sources */ = {isa = PBXBuildFile; fileRef = A23AC00E1E6607BC005AAE48 /* PandaUITests.swift */; };
/* End PBXBuildFile section */

/* Begin PBXContainerItemProxy section */
		A23AC0001E6607BC005AAE48 /* PBXContainerItemProxy */ = {
			isa = PBXContainerItemProxy;
			containerPortal = A23ABFE61E6607BB005AAE48 /* Project object */;
			proxyType = 1;
			remoteGlobalIDString = A23ABFED1E6607BB005AAE48;
			remoteInfo = Panda;
		};
		A23AC00B1E6607BC005AAE48 /* PBXContainerItemProxy */ = {
			isa = PBXContainerItemProxy;
			containerPortal = A23ABFE61E6607BB005AAE48 /* Project object */;
			proxyType = 1;
			remoteGlobalIDString = A23ABFED1E6607BB005AAE48;
			remoteInfo = Panda;
		};
/* End PBXContainerItemProxy section */

/* Begin PBXFileReference section */
		A23ABFEE1E6607BC005AAE48 /* Panda.app */ = {isa = PBXFileReference; explicitFileType = wrapper.application; includeInIndex = 0; path = Panda.app; sourceTree = BUILT_PRODUCTS_DIR; };
		A23ABFF11E6607BC005AAE48 /* AppDelegate.swift */ = {isa = PBXFileReference; lastKnownFileType = sourcecode.swift; path = AppDelegate.swift; sourceTree = "<group>"; };
		A23ABFF31E6607BC005AAE48 /* ViewController.swift */ = {isa = PBXFileReference; lastKnownFileType = sourcecode.swift; path = ViewController.swift; sourceTree = "<group>"; };
		A23ABFF51E6607BC005AAE48 /* Assets.xcassets */ = {isa = PBXFileReference; lastKnownFileType = folder.assetcatalog; path = Assets.xcassets; sourceTree = "<group>"; };
		A23ABFF81E6607BC005AAE48 /* Base */ = {isa = PBXFileReference; lastKnownFileType = file.storyboard; name = Base; path = Base.lproj/Main.storyboard; sourceTree = "<group>"; };
		A23ABFFA1E6607BC005AAE48 /* Info.plist */ = {isa = PBXFileReference; lastKnownFileType = text.plist.xml; path = Info.plist; sourceTree = "<group>"; };
		A23ABFFF1E6607BC005AAE48 /* PandaTests.xctest */ = {isa = PBXFileReference; explicitFileType = wrapper.cfbundle; includeInIndex = 0; path = PandaTests.xctest; sourceTree = BUILT_PRODUCTS_DIR; };
		A23AC0031E6607BC005AAE48 /* PandaTests.swift */ = {isa = PBXFileReference; lastKnownFileType = sourcecode.swift; path = PandaTests.swift; sourceTree = "<group>"; };
		A23AC0051E6607BC005AAE48 /* Info.plist */ = {isa = PBXFileReference; lastKnownFileType = text.plist.xml; path = Info.plist; sourceTree = "<group>"; };
		A23AC00A1E6607BC005AAE48 /* PandaUITests.xctest */ = {isa = PBXFileReference; explicitFileType = wrapper.cfbundle; includeInIndex = 0; path = PandaUITests.xctest; sourceTree = BUILT_PRODUCTS_DIR; };
		A23AC00E1E6607BC005AAE48 /* PandaUITests.swift */ = {isa = PBXFileReference; lastKnownFileType = sourcecode.swift; path = PandaUITests.swift; sourceTree = "<group>"; };
		A23AC0101E6607BC005AAE48 /* Info.plist */ = {isa = PBXFileReference; lastKnownFileType = text.plist.xml; path = Info.plist; sourceTree = "<group>"; };
/* End PBXFileReference section */

/* Begin PBXFrameworksBuildPhase section */
		A23ABFEB1E6607BB005AAE48 /* Frameworks */ = {
			isa = PBXFrameworksBuildPhase;
			buildActionMask = 2147483647;
			files = (
			);
			runOnlyForDeploymentPostprocessing = 0;
		};
		A23ABFFC1E6607BC005AAE48 /* Frameworks */ = {
			isa = PBXFrameworksBuildPhase;
			buildActionMask = 2147483647;
			files = (
			);
			runOnlyForDeploymentPostprocessing = 0;
		};
		A23AC0071E6607BC005AAE48 /* Frameworks */ = {
			isa = PBXFrameworksBuildPhase;
			buildActionMask = 2147483647;
			files = (
			);
			runOnlyForDeploymentPostprocessing = 0;
		};
/* End PBXFrameworksBuildPhase section */

/* Begin PBXGroup section */
		A23ABFE51E6607BB005AAE48 = {
			isa = PBXGroup;
			children = (
				A23ABFF01E6607BC005AAE48 /* Panda */,
				A23AC0021E6607BC005AAE48 /* PandaTests */,
				A23AC00D1E6607BC005AAE48 /* PandaUITests */,
				A23ABFEF1E6607BC005AAE48 /* Products */,
			);
			sourceTree = "<group>";
		};
		A23ABFEF1E6607BC005AAE48 /* Products */ = {
			isa = PBXGroup;
			children = (
				A23ABFEE1E6607BC005AAE48 /* Panda.app */,
				A23ABFFF1E6607BC005AAE48 /* PandaTests.xctest */,
				A23AC00A1E6607BC005AAE48 /* PandaUITests.xctest */,
			);
			name = Products;
			sourceTree = "<group>";
		};
		A23ABFF01E6607BC005AAE48 /* Panda */ = {
			isa = PBXGroup;
			children = (
				A23ABFF11E6607BC005AAE48 /* AppDelegate.swift */,
				A23ABFF31E6607BC005AAE48 /* ViewController.swift */,
				A23ABFF51E6607BC005AAE48 /* Assets.xcassets */,
				A23ABFF71E6607BC005AAE48 /* Main.storyboard */,
				A23ABFFA1E6607BC005AAE48 /* Info.plist */,
			);
			path = Panda;
			sourceTree = "<group>";
		};
		A23AC0021E6607BC005AAE48 /* PandaTests */ = {
			isa = PBXGroup;
			children = (
				A23AC0031E6607BC005AAE48 /* PandaTests.swift */,
				A23AC0051E6607BC005AAE48 /* Info.plist */,
			);
			path = PandaTests;
			sourceTree = "<group>";
		};
		A23AC00D1E6607BC005AAE48 /* PandaUITests */ = {
			isa = PBXGroup;
			children = (
				A23AC00E1E6607BC005AAE48 /* PandaUITests.swift */,
				A23AC0101E6607BC005AAE48 /* Info.plist */,
			);
			path = PandaUITests;
			sourceTree = "<group>";
		};
/* End PBXGroup section */

/* Begin PBXNativeTarget section */
		A23ABFED1E6607BB005AAE48 /* Panda */ = {
			isa = PBXNativeTarget;
			buildConfigurationList = A23AC0131E6607BC005AAE48 /* Build configuration list for PBXNativeTarget "Panda" */;
			buildPhases = (
				A23ABFEA1E6607BB005AAE48 /* Sources */,
				A23ABFEB1E6607BB005AAE48 /* Frameworks */,
				A23ABFEC1E6607BB005AAE48 /* Resources */,
			);
			buildRules = (
			);
			dependencies = (
			);
			name = Panda;
			productName = Panda;
			productReference = A23ABFEE1E6607BC005AAE48 /* Panda.app */;
			productType = "com.apple.product-type.application";
		};
		A23ABFFE1E6607BC005AAE48 /* PandaTests */ = {
			isa = PBXNativeTarget;
			buildConfigurationList = A23AC0161E6607BC005AAE48 /* Build configuration list for PBXNativeTarget "PandaTests" */;
			buildPhases = (
				A23ABFFB1E6607BC005AAE48 /* Sources */,
				A23ABFFC1E6607BC005AAE48 /* Frameworks */,
				A23ABFFD1E6607BC005AAE48 /* Resources */,
			);
			buildRules = (
			);
			dependencies = (
				A23AC0011E6607BC005AAE48 /* PBXTargetDependency */,
			);
			name = PandaTests;
			productName = PandaTests;
			productReference = A23ABFFF1E6607BC005AAE48 /* PandaTests.xctest */;
			productType = "com.apple.product-type.bundle.unit-test";
		};
		A23AC0091E6607BC005AAE48 /* PandaUITests */ = {
			isa = PBXNativeTarget;
			buildConfigurationList = A23AC0191E6607BC005AAE48 /* Build configuration list for PBXNativeTarget "PandaUITests" */;
			buildPhases = (
				A23AC0061E6607BC005AAE48 /* Sources */,
				A23AC0071E6607BC005AAE48 /* Frameworks */,
				A23AC0081E6607BC005AAE48 /* Resources */,
			);
			buildRules = (
			);
			dependencies = (
				A23AC00C1E6607BC005AAE48 /* PBXTargetDependency */,
			);
			name = PandaUITests;
			productName = PandaUITests;
			productReference = A23AC00A1E6607BC005AAE48 /* PandaUITests.xctest */;
			productType = "com.apple.product-type.bundle.ui-testing";
		};
/* End PBXNativeTarget section */

/* Begin PBXProject section */
		A23ABFE61E6607BB005AAE48 /* Project object */ = {
			isa = PBXProject;
			attributes = {
				LastSwiftUpdateCheck = 0820;
				LastUpgradeCheck = 0820;
				ORGANIZATIONNAME = Panda;
				TargetAttributes = {
					A23ABFED1E6607BB005AAE48 = {
						CreatedOnToolsVersion = 8.2.1;
						ProvisioningStyle = Automatic;
					};
					A23ABFFE1E6607BC005AAE48 = {
						CreatedOnToolsVersion = 8.2.1;
						ProvisioningStyle = Automatic;
						TestTargetID = A23ABFED1E6607BB005AAE48;
					};
					A23AC0091E6607BC005AAE48 = {
						CreatedOnToolsVersion = 8.2.1;
						ProvisioningStyle = Automatic;
						TestTargetID = A23ABFED1E6607BB005AAE48;
					};
				};
			};
			buildConfigurationList = A23ABFE91E6607BB005AAE48 /* Build configuration list for PBXProject "Panda" */;
			compatibilityVersion = "Xcode 3.2";
			developmentRegion = English;
			hasScannedForEncodings = 0;
			knownRegions = (
				en,
				Base,
			);
			mainGroup = A23ABFE51E6607BB005AAE48;
			productRefGroup = A23ABFEF1E6607BC005AAE48 /* Products */;
			projectDirPath = "";
			projectRoot = "";
			targets = (
				A23ABFED1E6607BB005AAE48 /* Panda */,
				A23ABFFE1E6607BC005AAE48 /* PandaTests */,
				A23AC0091E6607BC005AAE48 /* PandaUITests */,
			);
		};
/* End PBXProject section */

/* Begin PBXResourcesBuildPhase section */
		A23ABFEC1E6607BB005AAE48 /* Resources */ = {
			isa = PBXResourcesBuildPhase;
			buildActionMask = 2147483647;
			files = (
				A23ABFF61E6607BC005AAE48 /* Assets.xcassets in Resources */,
				A23ABFF91E6607BC005AAE48 /* Main.storyboard in Resources */,
			);
			runOnlyForDeploymentPostprocessing = 0;
		};
		A23ABFFD1E6607BC005AAE48 /* Resources */ = {
			isa = PBXResourcesBuildPhase;
			buildActionMask = 2147483647;
			files = (
			);
			runOnlyForDeploymentPostprocessing = 0;
		};
		A23AC0081E6607BC005AAE48 /* Resources */ = {
			isa = PBXResourcesBuildPhase;
			buildActionMask = 2147483647;
			files = (
			);
			runOnlyForDeploymentPostprocessing = 0;
		};
/* End PBXResourcesBuildPhase section */

/* Begin PBXSourcesBuildPhase section */
		A23ABFEA1E6607BB005AAE48 /* Sources */ = {
			isa = PBXSourcesBuildPhase;
			buildActionMask = 2147483647;
			files = (
				A23ABFF41E6607BC005AAE48 /* ViewController.swift in Sources */,
				A23ABFF21E6607BC005AAE48 /* AppDelegate.swift in Sources */,
			);
			runOnlyForDeploymentPostprocessing = 0;
		};
		A23ABFFB1E6607BC005AAE48 /* Sources */ = {
			isa = PBXSourcesBuildPhase;
			buildActionMask = 2147483647;
			files = (
				A23AC0041E6607BC005AAE48 /* PandaTests.swift in Sources */,
			);
			runOnlyForDeploymentPostprocessing = 0;
		};
		A23AC0061E6607BC005AAE48 /* Sources */ = {
			isa = PBXSourcesBuildPhase;
			buildActionMask = 2147483647;
			files = (
				A23AC00F1E6607BC005AAE48 /* PandaUITests.swift in Sources */,
			);
			runOnlyForDeploymentPostprocessing = 0;
		};
/* End PBXSourcesBuildPhase section */

/* Begin PBXTargetDependency section */
		A23AC0011E6607BC005AAE48 /* PBXTargetDependency */ = {
			isa = PBXTargetDependency;
			target = A23ABFED1E6607BB005AAE48 /* Panda */;
			targetProxy = A23AC0001E6607BC005AAE48 /* PBXContainerItemProxy */;
		};
		A23AC00C1E6607BC005AAE48 /* PBXTargetDependency */ = {
			isa = PBXTargetDependency;
			target = A23ABFED1E6607BB005AAE48 /* Panda */;
			targetProxy = A23AC00B1E6607BC005AAE48 /* PBXContainerItemProxy */;
		};
/* End PBXTargetDependency section */

/* Begin PBXVariantGroup section */
		A23ABFF71E6607BC005AAE48 /* Main.storyboard */ = {
			isa = PBXVariantGroup;
			children = (
				A23ABFF81E6607BC005AAE48 /* Base */,
			);
			name = Main.storyboard;
			sourceTree = "<group>";
		};
/* End PBXVariantGroup section */

/* Begin XCBuildConfiguration section */
		A23AC0111E6607BC005AAE48 /* Debug */ = {
			isa = XCBuildConfiguration;
			buildSettings = {
				ALWAYS_SEARCH_USER_PATHS = NO;
				CLANG_ANALYZER_NONNULL = YES;
				CLANG_CXX_LANGUAGE_STANDARD = "gnu++0x";
				CLANG_CXX_LIBRARY = "libc++";
				CLANG_ENABLE_MODULES = YES;
				CLANG_ENABLE_OBJC_ARC = YES;
				CLANG_WARN_BOOL_CONVERSION = YES;
				CLANG_WARN_CONSTANT_CONVERSION = YES;
				CLANG_WARN_DIRECT_OBJC_ISA_USAGE = YES_ERROR;
				CLANG_WARN_DOCUMENTATION_COMMENTS = YES;
				CLANG_WARN_EMPTY_BODY = YES;
				CLANG_WARN_ENUM_CONVERSION = YES;
				CLANG_WARN_INFINITE_RECURSION = YES;
				CLANG_WARN_INT_CONVERSION = YES;
				CLANG_WARN_OBJC_ROOT_CLASS = YES_ERROR;
				CLANG_WARN_SUSPICIOUS_MOVE = YES;
				CLANG_WARN_UNREACHABLE_CODE = YES;
				CLANG_WARN__DUPLICATE_METHOD_MATCH = YES;
				CODE_SIGN_IDENTITY = "-";
				COPY_PHASE_STRIP = NO;
				DEBUG_INFORMATION_FORMAT = dwarf;
				ENABLE_STRICT_OBJC_MSGSEND = YES;
				ENABLE_TESTABILITY = YES;
				GCC_C_LANGUAGE_STANDARD = gnu99;
				GCC_DYNAMIC_NO_PIC = NO;
				GCC_NO_COMMON_BLOCKS = YES;
				GCC_OPTIMIZATION_LEVEL = 0;
				GCC_PREPROCESSOR_DEFINITIONS = (
					"DEBUG=1",
					"$(inherited)",
				);
				GCC_WARN_64_TO_32_BIT_CONVERSION = YES;
				GCC_WARN_ABOUT_RETURN_TYPE = YES_ERROR;
				GCC_WARN_UNDECLARED_SELECTOR = YES;
				GCC_WARN_UNINITIALIZED_AUTOS = YES_AGGRESSIVE;
				GCC_WARN_UNUSED_FUNCTION = YES;
				GCC_WARN_UNUSED_VARIABLE = YES;
				MACOSX_DEPLOYMENT_TARGET = 10.12;
				MTL_ENABLE_DEBUG_INFO = YES;
				ONLY_ACTIVE_ARCH = YES;
				SDKROOT = macosx;
				SWIFT_ACTIVE_COMPILATION_CONDITIONS = DEBUG;
				SWIFT_OPTIMIZATION_LEVEL = "-Onone";
			};
			name = Debug;
		};
		A23AC0121E6607BC005AAE48 /* Release */ = {
			isa = XCBuildConfiguration;
			buildSettings = {
				ALWAYS_SEARCH_USER_PATHS = NO;
				CLANG_ANALYZER_NONNULL = YES;
				CLANG_CXX_LANGUAGE_STANDARD = "gnu++0x";
				CLANG_CXX_LIBRARY = "libc++";
				CLANG_ENABLE_MODULES = YES;
				CLANG_ENABLE_OBJC_ARC = YES;
				CLANG_WARN_BOOL_CONVERSION = YES;
				CLANG_WARN_CONSTANT_CONVERSION = YES;
				CLANG_WARN_DIRECT_OBJC_ISA_USAGE = YES_ERROR;
				CLANG_WARN_DOCUMENTATION_COMMENTS = YES;
				CLANG_WARN_EMPTY_BODY = YES;
				CLANG_WARN_ENUM_CONVERSION = YES;
				CLANG_WARN_INFINITE_RECURSION = YES;
				CLANG_WARN_INT_CONVERSION = YES;
				CLANG_WARN_OBJC_ROOT_CLASS = YES_ERROR;
				CLANG_WARN_SUSPICIOUS_MOVE = YES;
				CLANG_WARN_UNREACHABLE_CODE = YES;
				CLANG_WARN__DUPLICATE_METHOD_MATCH = YES;
				CODE_SIGN_IDENTITY = "-";
				COPY_PHASE_STRIP = NO;
				DEBUG_INFORMATION_FORMAT = "dwarf-with-dsym";
				ENABLE_NS_ASSERTIONS = NO;
				ENABLE_STRICT_OBJC_MSGSEND = YES;
				GCC_C_LANGUAGE_STANDARD = gnu99;
				GCC_NO_COMMON_BLOCKS = YES;
				GCC_WARN_64_TO_32_BIT_CONVERSION = YES;
				GCC_WARN_ABOUT_RETURN_TYPE = YES_ERROR;
				GCC_WARN_UNDECLARED_SELECTOR = YES;
				GCC_WARN_UNINITIALIZED_AUTOS = YES_AGGRESSIVE;
				GCC_WARN_UNUSED_FUNCTION = YES;
				GCC_WARN_UNUSED_VARIABLE = YES;
				MACOSX_DEPLOYMENT_TARGET = 10.12;
				MTL_ENABLE_DEBUG_INFO = NO;
				SDKROOT = macosx;
				SWIFT_OPTIMIZATION_LEVEL = "-Owholemodule";
			};
			name = Release;
		};
		A23AC0141E6607BC005AAE48 /* Debug */ = {
			isa = XCBuildConfiguration;
			buildSettings = {
				ASSETCATALOG_COMPILER_APPICON_NAME = AppIcon;
				COMBINE_HIDPI_IMAGES = YES;
				INFOPLIST_FILE = Panda/Info.plist;
				LD_RUNPATH_SEARCH_PATHS = "$(inherited) @executable_path/../Frameworks";
				PRODUCT_BUNDLE_IDENTIFIER = com.panda.Panda;
				PRODUCT_NAME = "$(TARGET_NAME)";
				SWIFT_VERSION = 3.0;
			};
			name = Debug;
		};
		A23AC0151E6607BC005AAE48 /* Release */ = {
			isa = XCBuildConfiguration;
			buildSettings = {
				ASSETCATALOG_COMPILER_APPICON_NAME = AppIcon;
				COMBINE_HIDPI_IMAGES = YES;
				INFOPLIST_FILE = Panda/Info.plist;
				LD_RUNPATH_SEARCH_PATHS = "$(inherited) @executable_path/../Frameworks";
				PRODUCT_BUNDLE_IDENTIFIER = com.panda.Panda;
				PRODUCT_NAME = "$(TARGET_NAME)";
				SWIFT_VERSION = 3.0;
			};
			name = Release;
		};
		A23AC0171E6607BC005AAE48 /* Debug */ = {
			isa = XCBuildConfiguration;
			buildSettings = {
				ALWAYS_EMBED_SWIFT_STANDARD_LIBRARIES = YES;
				BUNDLE_LOADER = "$(TEST_HOST)";
				COMBINE_HIDPI_IMAGES = YES;
				INFOPLIST_FILE = PandaTests/Info.plist;
				LD_RUNPATH_SEARCH_PATHS = "$(inherited) @executable_path/../Frameworks @loader_path/../Frameworks";
				PRODUCT_BUNDLE_IDENTIFIER = com.panda.PandaTests;
				PRODUCT_NAME = "$(TARGET_NAME)";
				SWIFT_VERSION = 3.0;
				TEST_HOST = "$(BUILT_PRODUCTS_DIR)/Panda.app/Contents/MacOS/Panda";
			};
			name = Debug;
		};
		A23AC0181E6607BC005AAE48 /* Release */ = {
			isa = XCBuildConfiguration;
			buildSettings = {
				ALWAYS_EMBED_SWIFT_STANDARD_LIBRARIES = YES;
				BUNDLE_LOADER = "$(TEST_HOST)";
				COMBINE_HIDPI_IMAGES = YES;
				INFOPLIST_FILE = PandaTests/Info.plist;
				LD_RUNPATH_SEARCH_PATHS = "$(inherited) @executable_path/../Frameworks @loader_path/../Frameworks";
				PRODUCT_BUNDLE_IDENTIFIER = com.panda.PandaTests;
				PRODUCT_NAME = "$(TARGET_NAME)";
				SWIFT_VERSION = 3.0;
				TEST_HOST = "$(BUILT_PRODUCTS_DIR)/Panda.app/Contents/MacOS/Panda";
			};
			name = Release;
		};
		A23AC01A1E6607BC005AAE48 /* Debug */ = {
			isa = XCBuildConfiguration;
			buildSettings = {
				ALWAYS_EMBED_SWIFT_STANDARD_LIBRARIES = YES;
				COMBINE_HIDPI_IMAGES = YES;
				INFOPLIST_FILE = PandaUITests/Info.plist;
				LD_RUNPATH_SEARCH_PATHS = "$(inherited) @executable_path/../Frameworks @loader_path/../Frameworks";
				PRODUCT_BUNDLE_IDENTIFIER = com.panda.PandaUITests;
				PRODUCT_NAME = "$(TARGET_NAME)";
				SWIFT_VERSION = 3.0;
				TEST_TARGET_NAME = Panda;
			};
			name = Debug;
		};
		A23AC01B1E6607BC005AAE48 /* Release */ = {
			isa = XCBuildConfiguration;
			buildSettings = {
				ALWAYS_EMBED_SWIFT_STANDARD_LIBRARIES = YES;
				COMBINE_HIDPI_IMAGES = YES;
				INFOPLIST_FILE = PandaUITests/Info.plist;
				LD_RUNPATH_SEARCH_PATHS = "$(inherited) @executable_path/../Frameworks @loader_path/../Frameworks";
				PRODUCT_BUNDLE_IDENTIFIER = com.panda.PandaUITests;
				PRODUCT_NAME = "$(TARGET_NAME)";
				SWIFT_VERSION = 3.0;
				TEST_TARGET_NAME = Panda;
			};
			name = Release;
		};
/* End XCBuildConfiguration section */

/* Begin XCConfigurationList section */
		A23ABFE91E6607BB005AAE48 /* Build configuration list for PBXProject "Panda" */ = {
			isa = XCConfigurationList;
			buildConfigurations = (
				A23AC0111E6607BC005AAE48 /* Debug */,
				A23AC0121E6607BC005AAE48 /* Release */,
			);
			defaultConfigurationIsVisible = 0;
			defaultConfigurationName = Release;
		};
		A23AC0131E6607BC005AAE48 /* Build configuration list for PBXNativeTarget "Panda" */ = {
			isa = XCConfigurationList;
			buildConfigurations = (
				A23AC0141E6607BC005AAE48 /* Debug */,
				A23AC0151E6607BC005AAE48 /* Release */,
			);
			defaultConfigurationIsVisible = 0;
		};
		A23AC0161E6607BC005AAE48 /* Build configuration list for PBXNativeTarget "PandaTests" */ = {
			isa = XCConfigurationList;
			buildConfigurations = (
				A23AC0171E6607BC005AAE48 /* Debug */,
				A23AC0181E6607BC005AAE48 /* Release */,
			);
			defaultConfigurationIsVisible = 0;
		};
		A23AC0191E6607BC005AAE48 /* Build configuration list for PBXNativeTarget "PandaUITests" */ = {
			isa = XCConfigurationList;
			buildConfigurations = (
				A23AC01A1E6607BC005AAE48 /* Debug */,
				A23AC01B1E6607BC005AAE48 /* Release */,
			);
			defaultConfigurationIsVisible = 0;
		};
/* End XCConfigurationList section */
	};
	rootObject = A23ABFE61E6607BB005AAE48 /* Project object */;
}
